
Microsoft Visual Studio Solution File, Format Version 12.00
# Visual Studio Version 17
VisualStudioVersion = 17.6.33815.320
MinimumVisualStudioVersion = 10.0.40219.1
Project("{FAE04EC0-301F-11D3-BF4B-00C04F79EFBC}") = "eticaret.Web", "eticaret.Web\eticaret.Web.csproj", "{A837097A-8AE5-47F3-B8CD-C2C35EE7EED1}"
EndProject
Project("{FAE04EC0-301F-11D3-BF4B-00C04F79EFBC}") = "eticaret.DLL", "eticaret.DLL\eticaret.DLL.csproj", "{0186B1E6-4178-40A3-963A-1405492F1B2D}"
EndProject
Global
	GlobalSection(SolutionConfigurationPlatforms) = preSolution
		Debug|Any CPU = Debug|Any CPU
		Release|Any CPU = Release|Any CPU
	EndGlobalSection
	GlobalSection(ProjectConfigurationPlatforms) = postSolution
		{A837097A-8AE5-47F3-B8CD-C2C35EE7EED1}.Debug|Any CPU.ActiveCfg = Debug|Any CPU
		{A837097A-8AE5-47F3-B8CD-C2C35EE7EED1}.Debug|Any CPU.Build.0 = Debug|Any CPU
		{A837097A-8AE5-47F3-B8CD-C2C35EE7EED1}.Release|Any CPU.ActiveCfg = Release|Any CPU
		{A837097A-8AE5-47F3-B8CD-C2C35EE7EED1}.Release|Any CPU.Build.0 = Release|Any CPU
		{0186B1E6-4178-40A3-963A-1405492F1B2D}.Debug|Any CPU.ActiveCfg = Debug|Any CPU
		{0186B1E6-4178-40A3-963A-1405492F1B2D}.Debug|Any CPU.Build.0 = Debug|Any CPU
		{0186B1E6-4178-40A3-963A-1405492F1B2D}.Release|Any CPU.ActiveCfg = Release|Any CPU
		{0186B1E6-4178-40A3-963A-1405492F1B2D}.Release|Any CPU.Build.0 = Release|Any CPU
	EndGlobalSection
	GlobalSection(SolutionProperties) = preSolution
		HideSolutionNode = FALSE
	EndGlobalSection
	GlobalSection(ExtensibilityGlobals) = postSolution
		SolutionGuid = {06A718AD-761F-4715-8D9D-427BE9D9D900}
	EndGlobalSection
EndGlobal
